
Microsoft Visual Studio Solution File, Format Version 12.00
# Visual Studio Version 17
VisualStudioVersion = 17.5.33424.131
MinimumVisualStudioVersion = 10.0.40219.1
Project("{FAE04EC0-301F-11D3-BF4B-00C04F79EFBC}") = "LibrarySystem", "LibrarySystem\LibrarySystem.csproj", "{5F75CB7A-4579-4AED-A0CA-973B459D4AC6}"
EndProject
Global
	GlobalSection(SolutionConfigurationPlatforms) = preSolution
		Debug|Any CPU = Debug|Any CPU
		Release|Any CPU = Release|Any CPU
	EndGlobalSection
	GlobalSection(ProjectConfigurationPlatforms) = postSolution
		{5F75CB7A-4579-4AED-A0CA-973B459D4AC6}.Debug|Any CPU.ActiveCfg = Debug|Any CPU
		{5F75CB7A-4579-4AED-A0CA-973B459D4AC6}.Debug|Any CPU.Build.0 = Debug|Any CPU
		{5F75CB7A-4579-4AED-A0CA-973B459D4AC6}.Release|Any CPU.ActiveCfg = Release|Any CPU
		{5F75CB7A-4579-4AED-A0CA-973B459D4AC6}.Release|Any CPU.Build.0 = Release|Any CPU
	EndGlobalSection
	GlobalSection(SolutionProperties) = preSolution
		HideSolutionNode = FALSE
	EndGlobalSection
	GlobalSection(ExtensibilityGlobals) = postSolution
		SolutionGuid = {852BA4AF-D920-444C-906A-369C9EF564FD}
	EndGlobalSection
EndGlobal
